<Solution>
    <Folder Name="/Core/">
        <Project Path="FastTunnel.Core.Client/FastTunnel.Core.Client.csproj"/>
        <Project Path="FastTunnel.Core/FastTunnel.Core.csproj"/>
    </Folder>
    <Folder Name="/Solution Items/">
        <File Path=".editorconfig"/>
        <File Path=".github/workflows/dotnetcore.yml"/>
    </Folder>
    <Project Path="FastTunnel.Client/FastTunnel.Client.csproj"/>
    <Project Path="FastTunnel.Api/FastTunnel.Api.csproj"/>
    <Project Path="FastTunnel.Server/FastTunnel.Server.csproj"/>
</Solution>
